
Microsoft Visual Studio Solution File, Format Version 12.00
# Visual Studio Version 17
VisualStudioVersion = 17.14.36408.4 d17.14
MinimumVisualStudioVersion = 10.0.40219.1
Project("{FAE04EC0-301F-11D3-BF4B-00C04F79EFBC}") = "McIntyresFitnessApp", "McIntyresFitnessApp.csproj", "{11C03D90-5850-47C4-B854-DB24E3D0F6AD}"
EndProject
Global
	GlobalSection(SolutionConfigurationPlatforms) = preSolution
		Debug|Any CPU = Debug|Any CPU
		Release|Any CPU = Release|Any CPU
	EndGlobalSection
	GlobalSection(ProjectConfigurationPlatforms) = postSolution
		{11C03D90-5850-47C4-B854-DB24E3D0F6AD}.Debug|Any CPU.ActiveCfg = Debug|Any CPU
		{11C03D90-5850-47C4-B854-DB24E3D0F6AD}.Debug|Any CPU.Build.0 = Debug|Any CPU
		{11C03D90-5850-47C4-B854-DB24E3D0F6AD}.Release|Any CPU.ActiveCfg = Release|Any CPU
		{11C03D90-5850-47C4-B854-DB24E3D0F6AD}.Release|Any CPU.Build.0 = Release|Any CPU
	EndGlobalSection
	GlobalSection(SolutionProperties) = preSolution
		HideSolutionNode = FALSE
	EndGlobalSection
	GlobalSection(ExtensibilityGlobals) = postSolution
		SolutionGuid = {FA24D13B-A191-4B8F-9108-29F33C2174A1}
	EndGlobalSection
EndGlobal
